
Microsoft Visual Studio Solution File, Format Version 12.00
# Visual Studio Version 17
VisualStudioVersion = 17.5.33530.505
MinimumVisualStudioVersion = 10.0.40219.1
Project("{9A19103F-16F7-4668-BE54-9A1E7A4F7556}") = "1. Advertisement Message", "1. Advertisement Message\1. Advertisement Message.csproj", "{0D090C49-8A35-42FA-9758-688D345B7CE5}"
EndProject
Project("{9A19103F-16F7-4668-BE54-9A1E7A4F7556}") = "2. Articles", "2. Articles\2. Articles.csproj", "{8AE7623B-0329-459C-BF19-7FD5D7970B74}"
EndProject
Project("{9A19103F-16F7-4668-BE54-9A1E7A4F7556}") = "3. Articles 2.0", "3. Articles 2.0\3. Articles 2.0.csproj", "{811753BA-B508-4404-8936-329DC3D01CF4}"
EndProject
Project("{FAE04EC0-301F-11D3-BF4B-00C04F79EFBC}") = "04. Students", "04. Students\04. Students.csproj", "{5038695E-3F15-4841-A712-BA85AC4694FE}"
EndProject
Project("{FAE04EC0-301F-11D3-BF4B-00C04F79EFBC}") = "5. Teamwork Projects", "5. Teamwork Projects\5. Teamwork Projects.csproj", "{BA983E06-343E-4679-A20A-C920C6826922}"
EndProject
Global
	GlobalSection(SolutionConfigurationPlatforms) = preSolution
		Debug|Any CPU = Debug|Any CPU
		Release|Any CPU = Release|Any CPU
	EndGlobalSection
	GlobalSection(ProjectConfigurationPlatforms) = postSolution
		{0D090C49-8A35-42FA-9758-688D345B7CE5}.Debug|Any CPU.ActiveCfg = Debug|Any CPU
		{0D090C49-8A35-42FA-9758-688D345B7CE5}.Debug|Any CPU.Build.0 = Debug|Any CPU
		{0D090C49-8A35-42FA-9758-688D345B7CE5}.Release|Any CPU.ActiveCfg = Release|Any CPU
		{0D090C49-8A35-42FA-9758-688D345B7CE5}.Release|Any CPU.Build.0 = Release|Any CPU
		{8AE7623B-0329-459C-BF19-7FD5D7970B74}.Debug|Any CPU.ActiveCfg = Debug|Any CPU
		{8AE7623B-0329-459C-BF19-7FD5D7970B74}.Debug|Any CPU.Build.0 = Debug|Any CPU
		{8AE7623B-0329-459C-BF19-7FD5D7970B74}.Release|Any CPU.ActiveCfg = Release|Any CPU
		{8AE7623B-0329-459C-BF19-7FD5D7970B74}.Release|Any CPU.Build.0 = Release|Any CPU
		{811753BA-B508-4404-8936-329DC3D01CF4}.Debug|Any CPU.ActiveCfg = Debug|Any CPU
		{811753BA-B508-4404-8936-329DC3D01CF4}.Debug|Any CPU.Build.0 = Debug|Any CPU
		{811753BA-B508-4404-8936-329DC3D01CF4}.Release|Any CPU.ActiveCfg = Release|Any CPU
		{811753BA-B508-4404-8936-329DC3D01CF4}.Release|Any CPU.Build.0 = Release|Any CPU
		{5038695E-3F15-4841-A712-BA85AC4694FE}.Debug|Any CPU.ActiveCfg = Debug|Any CPU
		{5038695E-3F15-4841-A712-BA85AC4694FE}.Debug|Any CPU.Build.0 = Debug|Any CPU
		{5038695E-3F15-4841-A712-BA85AC4694FE}.Release|Any CPU.ActiveCfg = Release|Any CPU
		{5038695E-3F15-4841-A712-BA85AC4694FE}.Release|Any CPU.Build.0 = Release|Any CPU
		{BA983E06-343E-4679-A20A-C920C6826922}.Debug|Any CPU.ActiveCfg = Debug|Any CPU
		{BA983E06-343E-4679-A20A-C920C6826922}.Debug|Any CPU.Build.0 = Debug|Any CPU
		{BA983E06-343E-4679-A20A-C920C6826922}.Release|Any CPU.ActiveCfg = Release|Any CPU
		{BA983E06-343E-4679-A20A-C920C6826922}.Release|Any CPU.Build.0 = Release|Any CPU
	EndGlobalSection
	GlobalSection(SolutionProperties) = preSolution
		HideSolutionNode = FALSE
	EndGlobalSection
	GlobalSection(ExtensibilityGlobals) = postSolution
		SolutionGuid = {C4470CE8-3D23-49C4-8694-4E0A2BCDEB1A}
	EndGlobalSection
EndGlobal
