
Microsoft Visual Studio Solution File, Format Version 12.00
# Visual Studio Version 17
VisualStudioVersion = 17.5.33530.505
MinimumVisualStudioVersion = 10.0.40219.1
Project("{9A19103F-16F7-4668-BE54-9A1E7A4F7556}") = "1. SmallestOf3Num", "1. SmallestOf3Num\1. SmallestOf3Num.csproj", "{1DDBBCC5-6B84-4BB1-B62B-EB3888C4B9D0}"
EndProject
Project("{FAE04EC0-301F-11D3-BF4B-00C04F79EFBC}") = "2. Vowels Count", "2. Vowels Count\2. Vowels Count.csproj", "{B8A6D739-13FB-4CFD-B1FF-80DEB41EF74C}"
EndProject
Global
	GlobalSection(SolutionConfigurationPlatforms) = preSolution
		Debug|Any CPU = Debug|Any CPU
		Release|Any CPU = Release|Any CPU
	EndGlobalSection
	GlobalSection(ProjectConfigurationPlatforms) = postSolution
		{1DDBBCC5-6B84-4BB1-B62B-EB3888C4B9D0}.Debug|Any CPU.ActiveCfg = Debug|Any CPU
		{1DDBBCC5-6B84-4BB1-B62B-EB3888C4B9D0}.Debug|Any CPU.Build.0 = Debug|Any CPU
		{1DDBBCC5-6B84-4BB1-B62B-EB3888C4B9D0}.Release|Any CPU.ActiveCfg = Release|Any CPU
		{1DDBBCC5-6B84-4BB1-B62B-EB3888C4B9D0}.Release|Any CPU.Build.0 = Release|Any CPU
		{B8A6D739-13FB-4CFD-B1FF-80DEB41EF74C}.Debug|Any CPU.ActiveCfg = Debug|Any CPU
		{B8A6D739-13FB-4CFD-B1FF-80DEB41EF74C}.Debug|Any CPU.Build.0 = Debug|Any CPU
		{B8A6D739-13FB-4CFD-B1FF-80DEB41EF74C}.Release|Any CPU.ActiveCfg = Release|Any CPU
		{B8A6D739-13FB-4CFD-B1FF-80DEB41EF74C}.Release|Any CPU.Build.0 = Release|Any CPU
	EndGlobalSection
	GlobalSection(SolutionProperties) = preSolution
		HideSolutionNode = FALSE
	EndGlobalSection
	GlobalSection(ExtensibilityGlobals) = postSolution
		SolutionGuid = {44D69712-253D-40F3-8122-657D0E695D70}
	EndGlobalSection
EndGlobal
