
Microsoft Visual Studio Solution File, Format Version 12.00
# Visual Studio Version 17
VisualStudioVersion = 17.5.33530.505
MinimumVisualStudioVersion = 10.0.40219.1
Project("{9A19103F-16F7-4668-BE54-9A1E7A4F7556}") = "1. SmallestOf3Num", "1. SmallestOf3Num\1. SmallestOf3Num.csproj", "{1DDBBCC5-6B84-4BB1-B62B-EB3888C4B9D0}"
EndProject
Project("{9A19103F-16F7-4668-BE54-9A1E7A4F7556}") = "2. Vowels Count", "2. Vowels Count\2. Vowels Count.csproj", "{B8A6D739-13FB-4CFD-B1FF-80DEB41EF74C}"
EndProject
Project("{9A19103F-16F7-4668-BE54-9A1E7A4F7556}") = "3. Characters in Range", "3. Characters in Range\3. Characters in Range.csproj", "{3C003855-E665-4EC3-9A96-872451612F6D}"
EndProject
Project("{9A19103F-16F7-4668-BE54-9A1E7A4F7556}") = "4. Password Validator", "4. Password Validator\4. Password Validator.csproj", "{74BB75C7-FA42-4E85-80D0-24C857C57721}"
EndProject
Project("{FAE04EC0-301F-11D3-BF4B-00C04F79EFBC}") = "5. Add and Subtract", "5. Add and Subtract\5. Add and Subtract.csproj", "{47568099-CEC4-4322-96C6-AFA41118535A}"
EndProject
Project("{FAE04EC0-301F-11D3-BF4B-00C04F79EFBC}") = "6. Middle Characters", "6. Middle Characters\6. Middle Characters.csproj", "{F145F85C-B121-409D-AE44-2279762C5E25}"
EndProject
Project("{FAE04EC0-301F-11D3-BF4B-00C04F79EFBC}") = "7. NxN Matrix", "7. NxN Matrix\7. NxN Matrix.csproj", "{95603168-5459-4E9B-92A8-AB355F0ABA73}"
EndProject
Project("{FAE04EC0-301F-11D3-BF4B-00C04F79EFBC}") = "8. Factorial Division", "8. Factorial Division\8. Factorial Division.csproj", "{40B6E2A9-5745-4467-A2CE-3B6D2DB62FFD}"
EndProject
Project("{FAE04EC0-301F-11D3-BF4B-00C04F79EFBC}") = "9. Palindrome Integers", "9. Palindrome Integers\9. Palindrome Integers.csproj", "{DCEC789E-6A49-4A30-A15A-C753869FE071}"
EndProject
Project("{FAE04EC0-301F-11D3-BF4B-00C04F79EFBC}") = "10. Top Number", "10. Top Number\10. Top Number.csproj", "{B812F72E-4659-4BE4-9758-A9DEF669ED5F}"
EndProject
Project("{FAE04EC0-301F-11D3-BF4B-00C04F79EFBC}") = "11. Array Manipulator", "11. Array Manipulator\11. Array Manipulator.csproj", "{CBE8560A-F47F-4025-AB42-DECAF947E701}"
EndProject
Global
	GlobalSection(SolutionConfigurationPlatforms) = preSolution
		Debug|Any CPU = Debug|Any CPU
		Release|Any CPU = Release|Any CPU
	EndGlobalSection
	GlobalSection(ProjectConfigurationPlatforms) = postSolution
		{1DDBBCC5-6B84-4BB1-B62B-EB3888C4B9D0}.Debug|Any CPU.ActiveCfg = Debug|Any CPU
		{1DDBBCC5-6B84-4BB1-B62B-EB3888C4B9D0}.Debug|Any CPU.Build.0 = Debug|Any CPU
		{1DDBBCC5-6B84-4BB1-B62B-EB3888C4B9D0}.Release|Any CPU.ActiveCfg = Release|Any CPU
		{1DDBBCC5-6B84-4BB1-B62B-EB3888C4B9D0}.Release|Any CPU.Build.0 = Release|Any CPU
		{B8A6D739-13FB-4CFD-B1FF-80DEB41EF74C}.Debug|Any CPU.ActiveCfg = Debug|Any CPU
		{B8A6D739-13FB-4CFD-B1FF-80DEB41EF74C}.Debug|Any CPU.Build.0 = Debug|Any CPU
		{B8A6D739-13FB-4CFD-B1FF-80DEB41EF74C}.Release|Any CPU.ActiveCfg = Release|Any CPU
		{B8A6D739-13FB-4CFD-B1FF-80DEB41EF74C}.Release|Any CPU.Build.0 = Release|Any CPU
		{3C003855-E665-4EC3-9A96-872451612F6D}.Debug|Any CPU.ActiveCfg = Debug|Any CPU
		{3C003855-E665-4EC3-9A96-872451612F6D}.Debug|Any CPU.Build.0 = Debug|Any CPU
		{3C003855-E665-4EC3-9A96-872451612F6D}.Release|Any CPU.ActiveCfg = Release|Any CPU
		{3C003855-E665-4EC3-9A96-872451612F6D}.Release|Any CPU.Build.0 = Release|Any CPU
		{74BB75C7-FA42-4E85-80D0-24C857C57721}.Debug|Any CPU.ActiveCfg = Debug|Any CPU
		{74BB75C7-FA42-4E85-80D0-24C857C57721}.Debug|Any CPU.Build.0 = Debug|Any CPU
		{74BB75C7-FA42-4E85-80D0-24C857C57721}.Release|Any CPU.ActiveCfg = Release|Any CPU
		{74BB75C7-FA42-4E85-80D0-24C857C57721}.Release|Any CPU.Build.0 = Release|Any CPU
		{47568099-CEC4-4322-96C6-AFA41118535A}.Debug|Any CPU.ActiveCfg = Debug|Any CPU
		{47568099-CEC4-4322-96C6-AFA41118535A}.Debug|Any CPU.Build.0 = Debug|Any CPU
		{47568099-CEC4-4322-96C6-AFA41118535A}.Release|Any CPU.ActiveCfg = Release|Any CPU
		{47568099-CEC4-4322-96C6-AFA41118535A}.Release|Any CPU.Build.0 = Release|Any CPU
		{F145F85C-B121-409D-AE44-2279762C5E25}.Debug|Any CPU.ActiveCfg = Debug|Any CPU
		{F145F85C-B121-409D-AE44-2279762C5E25}.Debug|Any CPU.Build.0 = Debug|Any CPU
		{F145F85C-B121-409D-AE44-2279762C5E25}.Release|Any CPU.ActiveCfg = Release|Any CPU
		{F145F85C-B121-409D-AE44-2279762C5E25}.Release|Any CPU.Build.0 = Release|Any CPU
		{95603168-5459-4E9B-92A8-AB355F0ABA73}.Debug|Any CPU.ActiveCfg = Debug|Any CPU
		{95603168-5459-4E9B-92A8-AB355F0ABA73}.Debug|Any CPU.Build.0 = Debug|Any CPU
		{95603168-5459-4E9B-92A8-AB355F0ABA73}.Release|Any CPU.ActiveCfg = Release|Any CPU
		{95603168-5459-4E9B-92A8-AB355F0ABA73}.Release|Any CPU.Build.0 = Release|Any CPU
		{40B6E2A9-5745-4467-A2CE-3B6D2DB62FFD}.Debug|Any CPU.ActiveCfg = Debug|Any CPU
		{40B6E2A9-5745-4467-A2CE-3B6D2DB62FFD}.Debug|Any CPU.Build.0 = Debug|Any CPU
		{40B6E2A9-5745-4467-A2CE-3B6D2DB62FFD}.Release|Any CPU.ActiveCfg = Release|Any CPU
		{40B6E2A9-5745-4467-A2CE-3B6D2DB62FFD}.Release|Any CPU.Build.0 = Release|Any CPU
		{DCEC789E-6A49-4A30-A15A-C753869FE071}.Debug|Any CPU.ActiveCfg = Debug|Any CPU
		{DCEC789E-6A49-4A30-A15A-C753869FE071}.Debug|Any CPU.Build.0 = Debug|Any CPU
		{DCEC789E-6A49-4A30-A15A-C753869FE071}.Release|Any CPU.ActiveCfg = Release|Any CPU
		{DCEC789E-6A49-4A30-A15A-C753869FE071}.Release|Any CPU.Build.0 = Release|Any CPU
		{B812F72E-4659-4BE4-9758-A9DEF669ED5F}.Debug|Any CPU.ActiveCfg = Debug|Any CPU
		{B812F72E-4659-4BE4-9758-A9DEF669ED5F}.Debug|Any CPU.Build.0 = Debug|Any CPU
		{B812F72E-4659-4BE4-9758-A9DEF669ED5F}.Release|Any CPU.ActiveCfg = Release|Any CPU
		{B812F72E-4659-4BE4-9758-A9DEF669ED5F}.Release|Any CPU.Build.0 = Release|Any CPU
		{CBE8560A-F47F-4025-AB42-DECAF947E701}.Debug|Any CPU.ActiveCfg = Debug|Any CPU
		{CBE8560A-F47F-4025-AB42-DECAF947E701}.Debug|Any CPU.Build.0 = Debug|Any CPU
		{CBE8560A-F47F-4025-AB42-DECAF947E701}.Release|Any CPU.ActiveCfg = Release|Any CPU
		{CBE8560A-F47F-4025-AB42-DECAF947E701}.Release|Any CPU.Build.0 = Release|Any CPU
	EndGlobalSection
	GlobalSection(SolutionProperties) = preSolution
		HideSolutionNode = FALSE
	EndGlobalSection
	GlobalSection(ExtensibilityGlobals) = postSolution
		SolutionGuid = {44D69712-253D-40F3-8122-657D0E695D70}
	EndGlobalSection
EndGlobal
