
Microsoft Visual Studio Solution File, Format Version 12.00
# Visual Studio Version 17
VisualStudioVersion = 17.5.33530.505
MinimumVisualStudioVersion = 10.0.40219.1
Project("{9A19103F-16F7-4668-BE54-9A1E7A4F7556}") = "CopyBinaryFile", "CopyBinaryFile.csproj", "{944C2C35-514C-4CF2-9C92-4D3E6374C175}"
EndProject
Global
	GlobalSection(SolutionConfigurationPlatforms) = preSolution
		Debug|Any CPU = Debug|Any CPU
		Release|Any CPU = Release|Any CPU
	EndGlobalSection
	GlobalSection(ProjectConfigurationPlatforms) = postSolution
		{944C2C35-514C-4CF2-9C92-4D3E6374C175}.Debug|Any CPU.ActiveCfg = Debug|Any CPU
		{944C2C35-514C-4CF2-9C92-4D3E6374C175}.Debug|Any CPU.Build.0 = Debug|Any CPU
		{944C2C35-514C-4CF2-9C92-4D3E6374C175}.Release|Any CPU.ActiveCfg = Release|Any CPU
		{944C2C35-514C-4CF2-9C92-4D3E6374C175}.Release|Any CPU.Build.0 = Release|Any CPU
	EndGlobalSection
	GlobalSection(SolutionProperties) = preSolution
		HideSolutionNode = FALSE
	EndGlobalSection
	GlobalSection(ExtensibilityGlobals) = postSolution
		SolutionGuid = {285D0A9F-9FEE-44FA-B666-77AB230CC559}
	EndGlobalSection
EndGlobal
