
Microsoft Visual Studio Solution File, Format Version 12.00
# Visual Studio Version 17
VisualStudioVersion = 17.5.33530.505
MinimumVisualStudioVersion = 10.0.40219.1
Project("{FAE04EC0-301F-11D3-BF4B-00C04F79EFBC}") = "01. Sum Seconds", "01. Sum Seconds\01. Sum Seconds.csproj", "{D50CEA54-ECCD-4215-B4B8-43BF676A52E1}"
EndProject
Project("{FAE04EC0-301F-11D3-BF4B-00C04F79EFBC}") = "02. Bonus Score", "02. Bonus Score\02. Bonus Score.csproj", "{0F9F8448-B837-4D3E-8363-64CE5D3792FE}"
EndProject
Project("{FAE04EC0-301F-11D3-BF4B-00C04F79EFBC}") = "03. Time + 15 Minutes", "03. Time + 15 Minutes\03. Time + 15 Minutes.csproj", "{914D84E3-60F2-4DE2-B440-C010799B6BC9}"
EndProject
Global
	GlobalSection(SolutionConfigurationPlatforms) = preSolution
		Debug|Any CPU = Debug|Any CPU
		Release|Any CPU = Release|Any CPU
	EndGlobalSection
	GlobalSection(ProjectConfigurationPlatforms) = postSolution
		{D50CEA54-ECCD-4215-B4B8-43BF676A52E1}.Debug|Any CPU.ActiveCfg = Debug|Any CPU
		{D50CEA54-ECCD-4215-B4B8-43BF676A52E1}.Debug|Any CPU.Build.0 = Debug|Any CPU
		{D50CEA54-ECCD-4215-B4B8-43BF676A52E1}.Release|Any CPU.ActiveCfg = Release|Any CPU
		{D50CEA54-ECCD-4215-B4B8-43BF676A52E1}.Release|Any CPU.Build.0 = Release|Any CPU
		{0F9F8448-B837-4D3E-8363-64CE5D3792FE}.Debug|Any CPU.ActiveCfg = Debug|Any CPU
		{0F9F8448-B837-4D3E-8363-64CE5D3792FE}.Debug|Any CPU.Build.0 = Debug|Any CPU
		{0F9F8448-B837-4D3E-8363-64CE5D3792FE}.Release|Any CPU.ActiveCfg = Release|Any CPU
		{0F9F8448-B837-4D3E-8363-64CE5D3792FE}.Release|Any CPU.Build.0 = Release|Any CPU
		{914D84E3-60F2-4DE2-B440-C010799B6BC9}.Debug|Any CPU.ActiveCfg = Debug|Any CPU
		{914D84E3-60F2-4DE2-B440-C010799B6BC9}.Debug|Any CPU.Build.0 = Debug|Any CPU
		{914D84E3-60F2-4DE2-B440-C010799B6BC9}.Release|Any CPU.ActiveCfg = Release|Any CPU
		{914D84E3-60F2-4DE2-B440-C010799B6BC9}.Release|Any CPU.Build.0 = Release|Any CPU
	EndGlobalSection
	GlobalSection(SolutionProperties) = preSolution
		HideSolutionNode = FALSE
	EndGlobalSection
	GlobalSection(ExtensibilityGlobals) = postSolution
		SolutionGuid = {219F03F6-96FE-4718-8B84-C3DE34942A09}
	EndGlobalSection
EndGlobal
