
Microsoft Visual Studio Solution File, Format Version 12.00
# Visual Studio Version 17
VisualStudioVersion = 17.5.33530.505
MinimumVisualStudioVersion = 10.0.40219.1
Project("{FAE04EC0-301F-11D3-BF4B-00C04F79EFBC}") = "01. Sum Seconds", "01. Sum Seconds\01. Sum Seconds.csproj", "{D50CEA54-ECCD-4215-B4B8-43BF676A52E1}"
EndProject
Project("{FAE04EC0-301F-11D3-BF4B-00C04F79EFBC}") = "02. Bonus Score", "02. Bonus Score\02. Bonus Score.csproj", "{0F9F8448-B837-4D3E-8363-64CE5D3792FE}"
EndProject
Project("{FAE04EC0-301F-11D3-BF4B-00C04F79EFBC}") = "03. Time + 15 Minutes", "03. Time + 15 Minutes\03. Time + 15 Minutes.csproj", "{914D84E3-60F2-4DE2-B440-C010799B6BC9}"
EndProject
Project("{FAE04EC0-301F-11D3-BF4B-00C04F79EFBC}") = "04. Toy Shop", "04. Toy Shop\04. Toy Shop.csproj", "{F3551F58-F13A-4D9E-A723-5054BE7A5C92}"
EndProject
Project("{FAE04EC0-301F-11D3-BF4B-00C04F79EFBC}") = "05. Godzilla vs. Kong", "05. Godzilla vs. Kong\05. Godzilla vs. Kong.csproj", "{A92176C3-934E-4CB6-8186-DF707142A607}"
EndProject
Project("{FAE04EC0-301F-11D3-BF4B-00C04F79EFBC}") = "06. World Swimming Record", "06. World Swimming Record\06. World Swimming Record.csproj", "{9F1CA44E-44A1-4A69-ADAA-CD2931F2343F}"
EndProject
Project("{FAE04EC0-301F-11D3-BF4B-00C04F79EFBC}") = "07. Shopping", "07. Shopping\07. Shopping.csproj", "{8E7B62BE-503B-49CB-A08C-34F69167D45A}"
EndProject
Project("{FAE04EC0-301F-11D3-BF4B-00C04F79EFBC}") = "08. Lunch Break", "08. Lunch Break\08. Lunch Break.csproj", "{4615F35D-EF5F-4333-A242-B4E8F31E9CB6}"
EndProject
Global
	GlobalSection(SolutionConfigurationPlatforms) = preSolution
		Debug|Any CPU = Debug|Any CPU
		Release|Any CPU = Release|Any CPU
	EndGlobalSection
	GlobalSection(ProjectConfigurationPlatforms) = postSolution
		{D50CEA54-ECCD-4215-B4B8-43BF676A52E1}.Debug|Any CPU.ActiveCfg = Debug|Any CPU
		{D50CEA54-ECCD-4215-B4B8-43BF676A52E1}.Debug|Any CPU.Build.0 = Debug|Any CPU
		{D50CEA54-ECCD-4215-B4B8-43BF676A52E1}.Release|Any CPU.ActiveCfg = Release|Any CPU
		{D50CEA54-ECCD-4215-B4B8-43BF676A52E1}.Release|Any CPU.Build.0 = Release|Any CPU
		{0F9F8448-B837-4D3E-8363-64CE5D3792FE}.Debug|Any CPU.ActiveCfg = Debug|Any CPU
		{0F9F8448-B837-4D3E-8363-64CE5D3792FE}.Debug|Any CPU.Build.0 = Debug|Any CPU
		{0F9F8448-B837-4D3E-8363-64CE5D3792FE}.Release|Any CPU.ActiveCfg = Release|Any CPU
		{0F9F8448-B837-4D3E-8363-64CE5D3792FE}.Release|Any CPU.Build.0 = Release|Any CPU
		{914D84E3-60F2-4DE2-B440-C010799B6BC9}.Debug|Any CPU.ActiveCfg = Debug|Any CPU
		{914D84E3-60F2-4DE2-B440-C010799B6BC9}.Debug|Any CPU.Build.0 = Debug|Any CPU
		{914D84E3-60F2-4DE2-B440-C010799B6BC9}.Release|Any CPU.ActiveCfg = Release|Any CPU
		{914D84E3-60F2-4DE2-B440-C010799B6BC9}.Release|Any CPU.Build.0 = Release|Any CPU
		{F3551F58-F13A-4D9E-A723-5054BE7A5C92}.Debug|Any CPU.ActiveCfg = Debug|Any CPU
		{F3551F58-F13A-4D9E-A723-5054BE7A5C92}.Debug|Any CPU.Build.0 = Debug|Any CPU
		{F3551F58-F13A-4D9E-A723-5054BE7A5C92}.Release|Any CPU.ActiveCfg = Release|Any CPU
		{F3551F58-F13A-4D9E-A723-5054BE7A5C92}.Release|Any CPU.Build.0 = Release|Any CPU
		{A92176C3-934E-4CB6-8186-DF707142A607}.Debug|Any CPU.ActiveCfg = Debug|Any CPU
		{A92176C3-934E-4CB6-8186-DF707142A607}.Debug|Any CPU.Build.0 = Debug|Any CPU
		{A92176C3-934E-4CB6-8186-DF707142A607}.Release|Any CPU.ActiveCfg = Release|Any CPU
		{A92176C3-934E-4CB6-8186-DF707142A607}.Release|Any CPU.Build.0 = Release|Any CPU
		{9F1CA44E-44A1-4A69-ADAA-CD2931F2343F}.Debug|Any CPU.ActiveCfg = Debug|Any CPU
		{9F1CA44E-44A1-4A69-ADAA-CD2931F2343F}.Debug|Any CPU.Build.0 = Debug|Any CPU
		{9F1CA44E-44A1-4A69-ADAA-CD2931F2343F}.Release|Any CPU.ActiveCfg = Release|Any CPU
		{9F1CA44E-44A1-4A69-ADAA-CD2931F2343F}.Release|Any CPU.Build.0 = Release|Any CPU
		{8E7B62BE-503B-49CB-A08C-34F69167D45A}.Debug|Any CPU.ActiveCfg = Debug|Any CPU
		{8E7B62BE-503B-49CB-A08C-34F69167D45A}.Debug|Any CPU.Build.0 = Debug|Any CPU
		{8E7B62BE-503B-49CB-A08C-34F69167D45A}.Release|Any CPU.ActiveCfg = Release|Any CPU
		{8E7B62BE-503B-49CB-A08C-34F69167D45A}.Release|Any CPU.Build.0 = Release|Any CPU
		{4615F35D-EF5F-4333-A242-B4E8F31E9CB6}.Debug|Any CPU.ActiveCfg = Debug|Any CPU
		{4615F35D-EF5F-4333-A242-B4E8F31E9CB6}.Debug|Any CPU.Build.0 = Debug|Any CPU
		{4615F35D-EF5F-4333-A242-B4E8F31E9CB6}.Release|Any CPU.ActiveCfg = Release|Any CPU
		{4615F35D-EF5F-4333-A242-B4E8F31E9CB6}.Release|Any CPU.Build.0 = Release|Any CPU
	EndGlobalSection
	GlobalSection(SolutionProperties) = preSolution
		HideSolutionNode = FALSE
	EndGlobalSection
	GlobalSection(ExtensibilityGlobals) = postSolution
		SolutionGuid = {219F03F6-96FE-4718-8B84-C3DE34942A09}
	EndGlobalSection
EndGlobal
