
Microsoft Visual Studio Solution File, Format Version 12.00
# Visual Studio Version 17
VisualStudioVersion = 17.5.33530.505
MinimumVisualStudioVersion = 10.0.40219.1
Project("{FAE04EC0-301F-11D3-BF4B-00C04F79EFBC}") = "01. Read Text", "01. Read Text\01. Read Text.csproj", "{7ED60A8B-57F5-4570-B1F4-6B7BE57C7805}"
EndProject
Project("{FAE04EC0-301F-11D3-BF4B-00C04F79EFBC}") = "02. Password", "02. Password\02. Password.csproj", "{AC66A9D1-F0C8-4CCA-85AB-7147612C4E07}"
EndProject
Project("{FAE04EC0-301F-11D3-BF4B-00C04F79EFBC}") = "03. Sum Numbers", "03. Sum Numbers\03. Sum Numbers.csproj", "{8D68C2F8-AE9E-4E5E-8C9C-852E8BBEBBAC}"
EndProject
Project("{FAE04EC0-301F-11D3-BF4B-00C04F79EFBC}") = "04. Sequence 2k+1", "04. Sequence 2k+1\04. Sequence 2k+1.csproj", "{CAAB4E17-1CB6-420D-83D2-442EFE3A5A2D}"
EndProject
Project("{FAE04EC0-301F-11D3-BF4B-00C04F79EFBC}") = "05. Account Balance", "05. Account Balance\05. Account Balance.csproj", "{2C7676B8-1BF8-474E-9256-2504BD070330}"
EndProject
Project("{FAE04EC0-301F-11D3-BF4B-00C04F79EFBC}") = "06. Max Number", "06. Max Number\06. Max Number.csproj", "{67C15A15-8F98-4D0D-B986-4B03C399AE96}"
EndProject
Project("{FAE04EC0-301F-11D3-BF4B-00C04F79EFBC}") = "07. Min Number", "07. Min Number\07. Min Number.csproj", "{0133E7C5-8F7D-402D-8BEB-FAEC6AB4956A}"
EndProject
Project("{FAE04EC0-301F-11D3-BF4B-00C04F79EFBC}") = "08. Graduation", "08. Graduation\08. Graduation.csproj", "{247D9139-23B4-4750-8A3F-796AA47D9CDD}"
EndProject
Global
	GlobalSection(SolutionConfigurationPlatforms) = preSolution
		Debug|Any CPU = Debug|Any CPU
		Release|Any CPU = Release|Any CPU
	EndGlobalSection
	GlobalSection(ProjectConfigurationPlatforms) = postSolution
		{7ED60A8B-57F5-4570-B1F4-6B7BE57C7805}.Debug|Any CPU.ActiveCfg = Debug|Any CPU
		{7ED60A8B-57F5-4570-B1F4-6B7BE57C7805}.Debug|Any CPU.Build.0 = Debug|Any CPU
		{7ED60A8B-57F5-4570-B1F4-6B7BE57C7805}.Release|Any CPU.ActiveCfg = Release|Any CPU
		{7ED60A8B-57F5-4570-B1F4-6B7BE57C7805}.Release|Any CPU.Build.0 = Release|Any CPU
		{AC66A9D1-F0C8-4CCA-85AB-7147612C4E07}.Debug|Any CPU.ActiveCfg = Debug|Any CPU
		{AC66A9D1-F0C8-4CCA-85AB-7147612C4E07}.Debug|Any CPU.Build.0 = Debug|Any CPU
		{AC66A9D1-F0C8-4CCA-85AB-7147612C4E07}.Release|Any CPU.ActiveCfg = Release|Any CPU
		{AC66A9D1-F0C8-4CCA-85AB-7147612C4E07}.Release|Any CPU.Build.0 = Release|Any CPU
		{8D68C2F8-AE9E-4E5E-8C9C-852E8BBEBBAC}.Debug|Any CPU.ActiveCfg = Debug|Any CPU
		{8D68C2F8-AE9E-4E5E-8C9C-852E8BBEBBAC}.Debug|Any CPU.Build.0 = Debug|Any CPU
		{8D68C2F8-AE9E-4E5E-8C9C-852E8BBEBBAC}.Release|Any CPU.ActiveCfg = Release|Any CPU
		{8D68C2F8-AE9E-4E5E-8C9C-852E8BBEBBAC}.Release|Any CPU.Build.0 = Release|Any CPU
		{CAAB4E17-1CB6-420D-83D2-442EFE3A5A2D}.Debug|Any CPU.ActiveCfg = Debug|Any CPU
		{CAAB4E17-1CB6-420D-83D2-442EFE3A5A2D}.Debug|Any CPU.Build.0 = Debug|Any CPU
		{CAAB4E17-1CB6-420D-83D2-442EFE3A5A2D}.Release|Any CPU.ActiveCfg = Release|Any CPU
		{CAAB4E17-1CB6-420D-83D2-442EFE3A5A2D}.Release|Any CPU.Build.0 = Release|Any CPU
		{2C7676B8-1BF8-474E-9256-2504BD070330}.Debug|Any CPU.ActiveCfg = Debug|Any CPU
		{2C7676B8-1BF8-474E-9256-2504BD070330}.Debug|Any CPU.Build.0 = Debug|Any CPU
		{2C7676B8-1BF8-474E-9256-2504BD070330}.Release|Any CPU.ActiveCfg = Release|Any CPU
		{2C7676B8-1BF8-474E-9256-2504BD070330}.Release|Any CPU.Build.0 = Release|Any CPU
		{67C15A15-8F98-4D0D-B986-4B03C399AE96}.Debug|Any CPU.ActiveCfg = Debug|Any CPU
		{67C15A15-8F98-4D0D-B986-4B03C399AE96}.Debug|Any CPU.Build.0 = Debug|Any CPU
		{67C15A15-8F98-4D0D-B986-4B03C399AE96}.Release|Any CPU.ActiveCfg = Release|Any CPU
		{67C15A15-8F98-4D0D-B986-4B03C399AE96}.Release|Any CPU.Build.0 = Release|Any CPU
		{0133E7C5-8F7D-402D-8BEB-FAEC6AB4956A}.Debug|Any CPU.ActiveCfg = Debug|Any CPU
		{0133E7C5-8F7D-402D-8BEB-FAEC6AB4956A}.Debug|Any CPU.Build.0 = Debug|Any CPU
		{0133E7C5-8F7D-402D-8BEB-FAEC6AB4956A}.Release|Any CPU.ActiveCfg = Release|Any CPU
		{0133E7C5-8F7D-402D-8BEB-FAEC6AB4956A}.Release|Any CPU.Build.0 = Release|Any CPU
		{247D9139-23B4-4750-8A3F-796AA47D9CDD}.Debug|Any CPU.ActiveCfg = Debug|Any CPU
		{247D9139-23B4-4750-8A3F-796AA47D9CDD}.Debug|Any CPU.Build.0 = Debug|Any CPU
		{247D9139-23B4-4750-8A3F-796AA47D9CDD}.Release|Any CPU.ActiveCfg = Release|Any CPU
		{247D9139-23B4-4750-8A3F-796AA47D9CDD}.Release|Any CPU.Build.0 = Release|Any CPU
	EndGlobalSection
	GlobalSection(SolutionProperties) = preSolution
		HideSolutionNode = FALSE
	EndGlobalSection
	GlobalSection(ExtensibilityGlobals) = postSolution
		SolutionGuid = {5856DEBA-C01B-49BA-B807-DD5E43122945}
	EndGlobalSection
EndGlobal
