
Microsoft Visual Studio Solution File, Format Version 12.00
# Visual Studio Version 17
VisualStudioVersion = 17.5.33530.505
MinimumVisualStudioVersion = 10.0.40219.1
Project("{FAE04EC0-301F-11D3-BF4B-00C04F79EFBC}") = "01. Old Books", "01. Old Books\01. Old Books.csproj", "{DE61E8F7-BF3A-4D19-AF34-E69F8826FF97}"
EndProject
Project("{FAE04EC0-301F-11D3-BF4B-00C04F79EFBC}") = "02. Exam Preparation", "02. Exam Preparation\02. Exam Preparation.csproj", "{55359B6D-D4FE-4221-8471-6A268F624126}"
EndProject
Project("{FAE04EC0-301F-11D3-BF4B-00C04F79EFBC}") = "03. Vacation", "03. Vacation\03. Vacation.csproj", "{92B694E9-E8D6-4A9A-B830-203402469AB1}"
EndProject
Project("{FAE04EC0-301F-11D3-BF4B-00C04F79EFBC}") = "04. Walking", "04. Walking\04. Walking.csproj", "{0CFD9E50-CEB0-4E3E-859F-EDDAA4FC9250}"
EndProject
Project("{FAE04EC0-301F-11D3-BF4B-00C04F79EFBC}") = "05. Coins", "05. Coins\05. Coins.csproj", "{2F32C848-F961-4BAD-8693-E57794FBCCD7}"
EndProject
Project("{FAE04EC0-301F-11D3-BF4B-00C04F79EFBC}") = "06. Cake", "06. Cake\06. Cake.csproj", "{621CED8E-C219-4404-A912-2DCB8AF04AAD}"
EndProject
Project("{FAE04EC0-301F-11D3-BF4B-00C04F79EFBC}") = "07. Moving", "07. Moving\07. Moving.csproj", "{9F81B8B1-22BE-4E29-BB3D-CF7B5AED7FFA}"
EndProject
Global
	GlobalSection(SolutionConfigurationPlatforms) = preSolution
		Debug|Any CPU = Debug|Any CPU
		Release|Any CPU = Release|Any CPU
	EndGlobalSection
	GlobalSection(ProjectConfigurationPlatforms) = postSolution
		{DE61E8F7-BF3A-4D19-AF34-E69F8826FF97}.Debug|Any CPU.ActiveCfg = Debug|Any CPU
		{DE61E8F7-BF3A-4D19-AF34-E69F8826FF97}.Debug|Any CPU.Build.0 = Debug|Any CPU
		{DE61E8F7-BF3A-4D19-AF34-E69F8826FF97}.Release|Any CPU.ActiveCfg = Release|Any CPU
		{DE61E8F7-BF3A-4D19-AF34-E69F8826FF97}.Release|Any CPU.Build.0 = Release|Any CPU
		{55359B6D-D4FE-4221-8471-6A268F624126}.Debug|Any CPU.ActiveCfg = Debug|Any CPU
		{55359B6D-D4FE-4221-8471-6A268F624126}.Debug|Any CPU.Build.0 = Debug|Any CPU
		{55359B6D-D4FE-4221-8471-6A268F624126}.Release|Any CPU.ActiveCfg = Release|Any CPU
		{55359B6D-D4FE-4221-8471-6A268F624126}.Release|Any CPU.Build.0 = Release|Any CPU
		{92B694E9-E8D6-4A9A-B830-203402469AB1}.Debug|Any CPU.ActiveCfg = Debug|Any CPU
		{92B694E9-E8D6-4A9A-B830-203402469AB1}.Debug|Any CPU.Build.0 = Debug|Any CPU
		{92B694E9-E8D6-4A9A-B830-203402469AB1}.Release|Any CPU.ActiveCfg = Release|Any CPU
		{92B694E9-E8D6-4A9A-B830-203402469AB1}.Release|Any CPU.Build.0 = Release|Any CPU
		{0CFD9E50-CEB0-4E3E-859F-EDDAA4FC9250}.Debug|Any CPU.ActiveCfg = Debug|Any CPU
		{0CFD9E50-CEB0-4E3E-859F-EDDAA4FC9250}.Debug|Any CPU.Build.0 = Debug|Any CPU
		{0CFD9E50-CEB0-4E3E-859F-EDDAA4FC9250}.Release|Any CPU.ActiveCfg = Release|Any CPU
		{0CFD9E50-CEB0-4E3E-859F-EDDAA4FC9250}.Release|Any CPU.Build.0 = Release|Any CPU
		{2F32C848-F961-4BAD-8693-E57794FBCCD7}.Debug|Any CPU.ActiveCfg = Debug|Any CPU
		{2F32C848-F961-4BAD-8693-E57794FBCCD7}.Debug|Any CPU.Build.0 = Debug|Any CPU
		{2F32C848-F961-4BAD-8693-E57794FBCCD7}.Release|Any CPU.ActiveCfg = Release|Any CPU
		{2F32C848-F961-4BAD-8693-E57794FBCCD7}.Release|Any CPU.Build.0 = Release|Any CPU
		{621CED8E-C219-4404-A912-2DCB8AF04AAD}.Debug|Any CPU.ActiveCfg = Debug|Any CPU
		{621CED8E-C219-4404-A912-2DCB8AF04AAD}.Debug|Any CPU.Build.0 = Debug|Any CPU
		{621CED8E-C219-4404-A912-2DCB8AF04AAD}.Release|Any CPU.ActiveCfg = Release|Any CPU
		{621CED8E-C219-4404-A912-2DCB8AF04AAD}.Release|Any CPU.Build.0 = Release|Any CPU
		{9F81B8B1-22BE-4E29-BB3D-CF7B5AED7FFA}.Debug|Any CPU.ActiveCfg = Debug|Any CPU
		{9F81B8B1-22BE-4E29-BB3D-CF7B5AED7FFA}.Debug|Any CPU.Build.0 = Debug|Any CPU
		{9F81B8B1-22BE-4E29-BB3D-CF7B5AED7FFA}.Release|Any CPU.ActiveCfg = Release|Any CPU
		{9F81B8B1-22BE-4E29-BB3D-CF7B5AED7FFA}.Release|Any CPU.Build.0 = Release|Any CPU
	EndGlobalSection
	GlobalSection(SolutionProperties) = preSolution
		HideSolutionNode = FALSE
	EndGlobalSection
	GlobalSection(ExtensibilityGlobals) = postSolution
		SolutionGuid = {BE77387E-C717-4D92-92F0-D8BCE82034DE}
	EndGlobalSection
EndGlobal
