
Microsoft Visual Studio Solution File, Format Version 12.00
# Visual Studio Version 17
VisualStudioVersion = 17.5.33530.505
MinimumVisualStudioVersion = 10.0.40219.1
Project("{FAE04EC0-301F-11D3-BF4B-00C04F79EFBC}") = "TheHuntingGame", "TheHuntingGame\TheHuntingGame.csproj", "{AA289EAE-7EC2-404F-A5DE-155F921D7505}"
EndProject
Project("{FAE04EC0-301F-11D3-BF4B-00C04F79EFBC}") = "02.Coffee-Lover", "02.Coffee-Lover\02.Coffee-Lover.csproj", "{D4D087D6-0CEF-432B-88F9-3F2A6F1A00B1}"
EndProject
Project("{FAE04EC0-301F-11D3-BF4B-00C04F79EFBC}") = "03. The Angry Cat", "03. The Angry Cat\03. The Angry Cat.csproj", "{07CF0ADF-E453-4346-B00E-5723D1EFC8D0}"
EndProject
Global
	GlobalSection(SolutionConfigurationPlatforms) = preSolution
		Debug|Any CPU = Debug|Any CPU
		Release|Any CPU = Release|Any CPU
	EndGlobalSection
	GlobalSection(ProjectConfigurationPlatforms) = postSolution
		{AA289EAE-7EC2-404F-A5DE-155F921D7505}.Debug|Any CPU.ActiveCfg = Debug|Any CPU
		{AA289EAE-7EC2-404F-A5DE-155F921D7505}.Debug|Any CPU.Build.0 = Debug|Any CPU
		{AA289EAE-7EC2-404F-A5DE-155F921D7505}.Release|Any CPU.ActiveCfg = Release|Any CPU
		{AA289EAE-7EC2-404F-A5DE-155F921D7505}.Release|Any CPU.Build.0 = Release|Any CPU
		{D4D087D6-0CEF-432B-88F9-3F2A6F1A00B1}.Debug|Any CPU.ActiveCfg = Debug|Any CPU
		{D4D087D6-0CEF-432B-88F9-3F2A6F1A00B1}.Debug|Any CPU.Build.0 = Debug|Any CPU
		{D4D087D6-0CEF-432B-88F9-3F2A6F1A00B1}.Release|Any CPU.ActiveCfg = Release|Any CPU
		{D4D087D6-0CEF-432B-88F9-3F2A6F1A00B1}.Release|Any CPU.Build.0 = Release|Any CPU
		{07CF0ADF-E453-4346-B00E-5723D1EFC8D0}.Debug|Any CPU.ActiveCfg = Debug|Any CPU
		{07CF0ADF-E453-4346-B00E-5723D1EFC8D0}.Debug|Any CPU.Build.0 = Debug|Any CPU
		{07CF0ADF-E453-4346-B00E-5723D1EFC8D0}.Release|Any CPU.ActiveCfg = Release|Any CPU
		{07CF0ADF-E453-4346-B00E-5723D1EFC8D0}.Release|Any CPU.Build.0 = Release|Any CPU
	EndGlobalSection
	GlobalSection(SolutionProperties) = preSolution
		HideSolutionNode = FALSE
	EndGlobalSection
	GlobalSection(ExtensibilityGlobals) = postSolution
		SolutionGuid = {74089B9C-2083-40EA-8F1C-6B20FF49EE2C}
	EndGlobalSection
EndGlobal
